
Microsoft Visual Studio Solution File, Format Version 12.00
# Visual Studio 15
VisualStudioVersion = 15.0.27703.2047
MinimumVisualStudioVersion = 10.0.40219.1
Project("{FAE04EC0-301F-11D3-BF4B-00C04F79EFBC}") = "NoJoy", "NoJoy.csproj", "{C5D9F628-BE6B-41B3-8D44-90F7824A6FC6}"
EndProject
Project("{2150E333-8FDC-42A3-9474-1A3956D46DE8}") = "Solution Items", "Solution Items", "{8D26650D-B46F-433E-9D15-6534C2661334}"
	ProjectSection(SolutionItems) = preProject
		.editorconfig = .editorconfig
		pack.ps1 = pack.ps1
		README.md = README.md
	EndProjectSection
EndProject
Global
	GlobalSection(SolutionConfigurationPlatforms) = preSolution
		Debug|Any CPU = Debug|Any CPU
		Release|Any CPU = Release|Any CPU
	EndGlobalSection
	GlobalSection(ProjectConfigurationPlatforms) = postSolution
		{C5D9F628-BE6B-41B3-8D44-90F7824A6FC6}.Debug|Any CPU.ActiveCfg = Debug|Any CPU
		{C5D9F628-BE6B-41B3-8D44-90F7824A6FC6}.Debug|Any CPU.Build.0 = Debug|Any CPU
		{C5D9F628-BE6B-41B3-8D44-90F7824A6FC6}.Release|Any CPU.ActiveCfg = Release|Any CPU
		{C5D9F628-BE6B-41B3-8D44-90F7824A6FC6}.Release|Any CPU.Build.0 = Release|Any CPU
	EndGlobalSection
	GlobalSection(SolutionProperties) = preSolution
		HideSolutionNode = FALSE
	EndGlobalSection
	GlobalSection(ExtensibilityGlobals) = postSolution
		SolutionGuid = {A6369137-0979-45FE-BCB2-DBD6D200281A}
	EndGlobalSection
EndGlobal
